
Microsoft Visual Studio Solution File, Format Version 12.00
# Visual Studio Version 16
VisualStudioVersion = 16.0.30406.217
MinimumVisualStudioVersion = 10.0.40219.1
Project("{FAE04EC0-301F-11D3-BF4B-00C04F79EFBC}") = "Enhanced API", "Enhanced API.csproj", "{D85B1702-FFBF-409D-9F38-7C3EB3D30B05}"
EndProject
Global
	GlobalSection(SolutionConfigurationPlatforms) = preSolution
		Debug|Any CPU = Debug|Any CPU
		Release|Any CPU = Release|Any CPU
	EndGlobalSection
	GlobalSection(ProjectConfigurationPlatforms) = postSolution
		{D85B1702-FFBF-409D-9F38-7C3EB3D30B05}.Debug|Any CPU.ActiveCfg = Debug|Any CPU
		{D85B1702-FFBF-409D-9F38-7C3EB3D30B05}.Debug|Any CPU.Build.0 = Debug|Any CPU
		{D85B1702-FFBF-409D-9F38-7C3EB3D30B05}.Release|Any CPU.ActiveCfg = Release|Any CPU
		{D85B1702-FFBF-409D-9F38-7C3EB3D30B05}.Release|Any CPU.Build.0 = Release|Any CPU
	EndGlobalSection
	GlobalSection(SolutionProperties) = preSolution
		HideSolutionNode = FALSE
	EndGlobalSection
	GlobalSection(ExtensibilityGlobals) = postSolution
		SolutionGuid = {64FBEC4E-549D-4E90-9FF8-081E378010CC}
	EndGlobalSection
EndGlobal
